
Microsoft Visual Studio Solution File, Format Version 12.00
# Visual Studio 15
VisualStudioVersion = 15.0.26228.4
MinimumVisualStudioVersion = 10.0.40219.1
Project("{2150E333-8FDC-42A3-9474-1A3956D46DE8}") = "src", "src", "{529E9385-9CF0-4021-ADC5-3505A2315EDB}"
EndProject
Project("{2150E333-8FDC-42A3-9474-1A3956D46DE8}") = "Solution Items", "Solution Items", "{F8FEC2CC-49E9-4786-A6BA-2CE04D5B62B0}"
EndProject
Project("{9A19103F-16F7-4668-BE54-9A1E7A4F7556}") = "OpenIdConnectServer", "src\OpenIdConnectServer\OpenIdConnectServer.csproj", "{C5369308-6F56-45E1-8250-339CE6B805B4}"
EndProject
Project("{9A19103F-16F7-4668-BE54-9A1E7A4F7556}") = "OpenIdConnectClient", "src\OpenIdConnectClient\OpenIdConnectClient.csproj", "{5EFFF1B7-A497-4848-B8E8-12F5DEB12305}"
EndProject
Project("{9A19103F-16F7-4668-BE54-9A1E7A4F7556}") = "Novell.Directory.Ldap", "src\Novell.Directory.Ldap\Novell.Directory.Ldap.csproj", "{9314045D-3DAA-4A62-AABC-586DA7699E33}"
EndProject
Project("{FAE04EC0-301F-11D3-BF4B-00C04F79EFBC}") = "AspNetCore.Identity.DynamoDB.OpenIddict", "src\AspNetCore.Identity.DynamoDB.OpenIddict\AspNetCore.Identity.DynamoDB.OpenIddict.csproj", "{3F0A825A-AA6F-4AAB-B971-C4E7A3D0E620}"
EndProject
Project("{9A19103F-16F7-4668-BE54-9A1E7A4F7556}") = "OpenIddict.DeviceCodeFlow", "src\OpenIddict.DeviceCodeFlow\OpenIddict.DeviceCodeFlow.csproj", "{19E97084-1EAE-4B2A-86FC-BB1C7F33FEBE}"
EndProject
Global
	GlobalSection(SolutionConfigurationPlatforms) = preSolution
		Debug|Any CPU = Debug|Any CPU
		Debug|x64 = Debug|x64
		Debug|x86 = Debug|x86
		Release|Any CPU = Release|Any CPU
		Release|x64 = Release|x64
		Release|x86 = Release|x86
	EndGlobalSection
	GlobalSection(ProjectConfigurationPlatforms) = postSolution
		{C5369308-6F56-45E1-8250-339CE6B805B4}.Debug|Any CPU.ActiveCfg = Debug|Any CPU
		{C5369308-6F56-45E1-8250-339CE6B805B4}.Debug|Any CPU.Build.0 = Debug|Any CPU
		{C5369308-6F56-45E1-8250-339CE6B805B4}.Debug|x64.ActiveCfg = Debug|Any CPU
		{C5369308-6F56-45E1-8250-339CE6B805B4}.Debug|x64.Build.0 = Debug|Any CPU
		{C5369308-6F56-45E1-8250-339CE6B805B4}.Debug|x86.ActiveCfg = Debug|Any CPU
		{C5369308-6F56-45E1-8250-339CE6B805B4}.Debug|x86.Build.0 = Debug|Any CPU
		{C5369308-6F56-45E1-8250-339CE6B805B4}.Release|Any CPU.ActiveCfg = Release|Any CPU
		{C5369308-6F56-45E1-8250-339CE6B805B4}.Release|Any CPU.Build.0 = Release|Any CPU
		{C5369308-6F56-45E1-8250-339CE6B805B4}.Release|x64.ActiveCfg = Release|Any CPU
		{C5369308-6F56-45E1-8250-339CE6B805B4}.Release|x64.Build.0 = Release|Any CPU
		{C5369308-6F56-45E1-8250-339CE6B805B4}.Release|x86.ActiveCfg = Release|Any CPU
		{C5369308-6F56-45E1-8250-339CE6B805B4}.Release|x86.Build.0 = Release|Any CPU
		{5EFFF1B7-A497-4848-B8E8-12F5DEB12305}.Debug|Any CPU.ActiveCfg = Debug|Any CPU
		{5EFFF1B7-A497-4848-B8E8-12F5DEB12305}.Debug|Any CPU.Build.0 = Debug|Any CPU
		{5EFFF1B7-A497-4848-B8E8-12F5DEB12305}.Debug|x64.ActiveCfg = Debug|Any CPU
		{5EFFF1B7-A497-4848-B8E8-12F5DEB12305}.Debug|x64.Build.0 = Debug|Any CPU
		{5EFFF1B7-A497-4848-B8E8-12F5DEB12305}.Debug|x86.ActiveCfg = Debug|Any CPU
		{5EFFF1B7-A497-4848-B8E8-12F5DEB12305}.Debug|x86.Build.0 = Debug|Any CPU
		{5EFFF1B7-A497-4848-B8E8-12F5DEB12305}.Release|Any CPU.ActiveCfg = Release|Any CPU
		{5EFFF1B7-A497-4848-B8E8-12F5DEB12305}.Release|Any CPU.Build.0 = Release|Any CPU
		{5EFFF1B7-A497-4848-B8E8-12F5DEB12305}.Release|x64.ActiveCfg = Release|Any CPU
		{5EFFF1B7-A497-4848-B8E8-12F5DEB12305}.Release|x64.Build.0 = Release|Any CPU
		{5EFFF1B7-A497-4848-B8E8-12F5DEB12305}.Release|x86.ActiveCfg = Release|Any CPU
		{5EFFF1B7-A497-4848-B8E8-12F5DEB12305}.Release|x86.Build.0 = Release|Any CPU
		{9314045D-3DAA-4A62-AABC-586DA7699E33}.Debug|Any CPU.ActiveCfg = Debug|Any CPU
		{9314045D-3DAA-4A62-AABC-586DA7699E33}.Debug|Any CPU.Build.0 = Debug|Any CPU
		{9314045D-3DAA-4A62-AABC-586DA7699E33}.Debug|x64.ActiveCfg = Debug|Any CPU
		{9314045D-3DAA-4A62-AABC-586DA7699E33}.Debug|x64.Build.0 = Debug|Any CPU
		{9314045D-3DAA-4A62-AABC-586DA7699E33}.Debug|x86.ActiveCfg = Debug|Any CPU
		{9314045D-3DAA-4A62-AABC-586DA7699E33}.Debug|x86.Build.0 = Debug|Any CPU
		{9314045D-3DAA-4A62-AABC-586DA7699E33}.Release|Any CPU.ActiveCfg = Release|Any CPU
		{9314045D-3DAA-4A62-AABC-586DA7699E33}.Release|Any CPU.Build.0 = Release|Any CPU
		{9314045D-3DAA-4A62-AABC-586DA7699E33}.Release|x64.ActiveCfg = Release|Any CPU
		{9314045D-3DAA-4A62-AABC-586DA7699E33}.Release|x64.Build.0 = Release|Any CPU
		{9314045D-3DAA-4A62-AABC-586DA7699E33}.Release|x86.ActiveCfg = Release|Any CPU
		{9314045D-3DAA-4A62-AABC-586DA7699E33}.Release|x86.Build.0 = Release|Any CPU
		{3F0A825A-AA6F-4AAB-B971-C4E7A3D0E620}.Debug|Any CPU.ActiveCfg = Debug|Any CPU
		{3F0A825A-AA6F-4AAB-B971-C4E7A3D0E620}.Debug|Any CPU.Build.0 = Debug|Any CPU
		{3F0A825A-AA6F-4AAB-B971-C4E7A3D0E620}.Debug|x64.ActiveCfg = Debug|Any CPU
		{3F0A825A-AA6F-4AAB-B971-C4E7A3D0E620}.Debug|x64.Build.0 = Debug|Any CPU
		{3F0A825A-AA6F-4AAB-B971-C4E7A3D0E620}.Debug|x86.ActiveCfg = Debug|Any CPU
		{3F0A825A-AA6F-4AAB-B971-C4E7A3D0E620}.Debug|x86.Build.0 = Debug|Any CPU
		{3F0A825A-AA6F-4AAB-B971-C4E7A3D0E620}.Release|Any CPU.ActiveCfg = Release|Any CPU
		{3F0A825A-AA6F-4AAB-B971-C4E7A3D0E620}.Release|Any CPU.Build.0 = Release|Any CPU
		{3F0A825A-AA6F-4AAB-B971-C4E7A3D0E620}.Release|x64.ActiveCfg = Release|Any CPU
		{3F0A825A-AA6F-4AAB-B971-C4E7A3D0E620}.Release|x64.Build.0 = Release|Any CPU
		{3F0A825A-AA6F-4AAB-B971-C4E7A3D0E620}.Release|x86.ActiveCfg = Release|Any CPU
		{3F0A825A-AA6F-4AAB-B971-C4E7A3D0E620}.Release|x86.Build.0 = Release|Any CPU
		{19E97084-1EAE-4B2A-86FC-BB1C7F33FEBE}.Debug|Any CPU.ActiveCfg = Debug|Any CPU
		{19E97084-1EAE-4B2A-86FC-BB1C7F33FEBE}.Debug|Any CPU.Build.0 = Debug|Any CPU
		{19E97084-1EAE-4B2A-86FC-BB1C7F33FEBE}.Debug|x64.ActiveCfg = Debug|Any CPU
		{19E97084-1EAE-4B2A-86FC-BB1C7F33FEBE}.Debug|x64.Build.0 = Debug|Any CPU
		{19E97084-1EAE-4B2A-86FC-BB1C7F33FEBE}.Debug|x86.ActiveCfg = Debug|Any CPU
		{19E97084-1EAE-4B2A-86FC-BB1C7F33FEBE}.Debug|x86.Build.0 = Debug|Any CPU
		{19E97084-1EAE-4B2A-86FC-BB1C7F33FEBE}.Release|Any CPU.ActiveCfg = Release|Any CPU
		{19E97084-1EAE-4B2A-86FC-BB1C7F33FEBE}.Release|Any CPU.Build.0 = Release|Any CPU
		{19E97084-1EAE-4B2A-86FC-BB1C7F33FEBE}.Release|x64.ActiveCfg = Release|Any CPU
		{19E97084-1EAE-4B2A-86FC-BB1C7F33FEBE}.Release|x64.Build.0 = Release|Any CPU
		{19E97084-1EAE-4B2A-86FC-BB1C7F33FEBE}.Release|x86.ActiveCfg = Release|Any CPU
		{19E97084-1EAE-4B2A-86FC-BB1C7F33FEBE}.Release|x86.Build.0 = Release|Any CPU
	EndGlobalSection
	GlobalSection(SolutionProperties) = preSolution
		HideSolutionNode = FALSE
	EndGlobalSection
	GlobalSection(NestedProjects) = preSolution
		{C5369308-6F56-45E1-8250-339CE6B805B4} = {529E9385-9CF0-4021-ADC5-3505A2315EDB}
		{5EFFF1B7-A497-4848-B8E8-12F5DEB12305} = {529E9385-9CF0-4021-ADC5-3505A2315EDB}
	EndGlobalSection
EndGlobal
