
Microsoft Visual Studio Solution File, Format Version 12.00
# Visual Studio 14
VisualStudioVersion = 14.0.25420.1
MinimumVisualStudioVersion = 10.0.40219.1
Project("{8BB2217D-0F2D-49D1-97BC-3654ED321F3B}") = "Novell.Directory.LDAP", "Novell.Directory.LDAP\Novell.Directory.LDAP.xproj", "{9B5D110C-40B9-4919-B205-6BD96443D0CB}"
EndProject
Project("{8BB2217D-0F2D-49D1-97BC-3654ED321F3B}") = "Novell.Directory.LDAP.Tests", "Novell.Directory.LDAP.Tests\Novell.Directory.LDAP.Tests\Novell.Directory.LDAP.Tests.xproj", "{6809B0F7-A164-488C-A8DF-501A417D5383}"
EndProject
Project("{2150E333-8FDC-42A3-9474-1A3956D46DE8}") = "Solution Items", "Solution Items", "{734C54C1-0655-4FBB-905B-605729B2CE96}"
	ProjectSection(SolutionItems) = preProject
		global.json = global.json
	EndProjectSection
EndProject
Global
	GlobalSection(SolutionConfigurationPlatforms) = preSolution
		Debug|Any CPU = Debug|Any CPU
		Release|Any CPU = Release|Any CPU
	EndGlobalSection
	GlobalSection(ProjectConfigurationPlatforms) = postSolution
		{9B5D110C-40B9-4919-B205-6BD96443D0CB}.Debug|Any CPU.ActiveCfg = Debug|Any CPU
		{9B5D110C-40B9-4919-B205-6BD96443D0CB}.Debug|Any CPU.Build.0 = Debug|Any CPU
		{9B5D110C-40B9-4919-B205-6BD96443D0CB}.Release|Any CPU.ActiveCfg = Release|Any CPU
		{9B5D110C-40B9-4919-B205-6BD96443D0CB}.Release|Any CPU.Build.0 = Release|Any CPU
		{6809B0F7-A164-488C-A8DF-501A417D5383}.Debug|Any CPU.ActiveCfg = Debug|Any CPU
		{6809B0F7-A164-488C-A8DF-501A417D5383}.Debug|Any CPU.Build.0 = Debug|Any CPU
		{6809B0F7-A164-488C-A8DF-501A417D5383}.Release|Any CPU.ActiveCfg = Release|Any CPU
		{6809B0F7-A164-488C-A8DF-501A417D5383}.Release|Any CPU.Build.0 = Release|Any CPU
	EndGlobalSection
	GlobalSection(SolutionProperties) = preSolution
		HideSolutionNode = FALSE
	EndGlobalSection
EndGlobal
